
Microsoft Visual Studio Solution File, Format Version 12.00
# Visual Studio Version 17
VisualStudioVersion = 17.4.33213.308
MinimumVisualStudioVersion = 10.0.40219.1
Project("{FAE04EC0-301F-11D3-BF4B-00C04F79EFBC}") = "GestionProductos", "GestionProductos.csproj", "{8C26974E-C62D-4C05-AFF0-DFF70254F5CB}"
EndProject
Global
	GlobalSection(SolutionConfigurationPlatforms) = preSolution
		Debug|Any CPU = Debug|Any CPU
		Release|Any CPU = Release|Any CPU
	EndGlobalSection
	GlobalSection(ProjectConfigurationPlatforms) = postSolution
		{8C26974E-C62D-4C05-AFF0-DFF70254F5CB}.Debug|Any CPU.ActiveCfg = Debug|Any CPU
		{8C26974E-C62D-4C05-AFF0-DFF70254F5CB}.Debug|Any CPU.Build.0 = Debug|Any CPU
		{8C26974E-C62D-4C05-AFF0-DFF70254F5CB}.Release|Any CPU.ActiveCfg = Release|Any CPU
		{8C26974E-C62D-4C05-AFF0-DFF70254F5CB}.Release|Any CPU.Build.0 = Release|Any CPU
	EndGlobalSection
	GlobalSection(SolutionProperties) = preSolution
		HideSolutionNode = FALSE
	EndGlobalSection
	GlobalSection(ExtensibilityGlobals) = postSolution
		SolutionGuid = {965FD8C2-6DF0-47EE-A6BF-723726C2AD6F}
	EndGlobalSection
EndGlobal
